{
  "requires": true,
  "lockfileVersion": 1,
  "dependencies": {
    "croppie": {
      "version": "2.6.3",
      "resolved": "https://registry.npmjs.org/croppie/-/croppie-2.6.3.tgz",
      "integrity": "sha512-x0EGQF5GwUTzW7igxFu0eP9UM5JsK/3y0hIiFIVjV6zLd4EMsGZDIKhh7XwppQoZMDyEun3Ge7fWlu1jzp+iuA=="
    }
  }
}
